<?xml version="1.0" encoding="utf-8"?>
<Project ToolsVersion="4.0" xmlns="http://schemas.microsoft.com/developer/msbuild/2003">
  <ItemGroup>
    <Filter Include="Source Files">
      <UniqueIdentifier>{b520d953-777b-48a5-b4f0-c2ba5afaf046}</UniqueIdentifier>
      <Extensions>cpp;c;cxx;rc;def;r;odl;idl;hpj;bat</Extensions>
    </Filter>
    <Filter Include="Source Files\public_s">
      <UniqueIdentifier>{5a40416b-343b-4598-8162-02cb0e54b18c}</UniqueIdentifier>
    </Filter>
    <Filter Include="Header Files">
      <UniqueIdentifier>{754c752f-bb7a-487b-bc4b-30f9822eb536}</UniqueIdentifier>
      <Extensions>h;hpp;hxx;hm;inl</Extensions>
    </Filter>
    <Filter Include="Header Files\public_h">
      <UniqueIdentifier>{617a31e6-a48d-427b-ab57-a5d8a4a974bb}</UniqueIdentifier>
    </Filter>
    <Filter Include="Resource Files">
      <UniqueIdentifier>{e167783f-555b-4d3a-876f-2fdd50d4a0e3}</UniqueIdentifier>
      <Extensions>ico;cur;bmp;dlg;rc2;rct;bin;rgs;gif;jpg;jpeg;jpe</Extensions>
    </Filter>
  </ItemGroup>
  <ItemGroup>
    <ClCompile Include="GlobalDataBlock.cpp">
      <Filter>Source Files</Filter>
    </ClCompile>
    <ClCompile Include="McCtrl.cpp">
      <Filter>Source Files</Filter>
    </ClCompile>
    <ClCompile Include="MC.cpp">
      <Filter>Source Files</Filter>
    </ClCompile>
    <ClCompile Include="MsgQueue.cpp">
      <Filter>Source Files</Filter>
    </ClCompile>
    <ClCompile Include="ProcessData.cpp">
      <Filter>Source Files</Filter>
    </ClCompile>
    <ClCompile Include="ServerSocket.cpp">
      <Filter>Source Files</Filter>
    </ClCompile>
    <ClCompile Include="StdAfx.cpp">
      <Filter>Source Files</Filter>
    </ClCompile>
    <ClCompile Include="ThreadManage.cpp">
      <Filter>Source Files</Filter>
    </ClCompile>
    <ClCompile Include="UnZipWebTaskData.cpp">
      <Filter>Source Files</Filter>
    </ClCompile>
    <ClCompile Include="HttpUtils.cpp">
      <Filter>Source Files</Filter>
    </ClCompile>
    <ClCompile Include="..\..\Common\Reg.cpp">
      <Filter>Source Files\public_s</Filter>
    </ClCompile>
    <ClCompile Include="..\..\Common\StringUtils.cpp">
      <Filter>Source Files\public_s</Filter>
    </ClCompile>
    <ClCompile Include="..\..\Common\Trace.cpp">
      <Filter>Source Files\public_s</Filter>
    </ClCompile>
    <ClCompile Include="..\..\Common\IMsgQueue.cpp">
      <Filter>Source Files\public_s</Filter>
    </ClCompile>
    <ClCompile Include="..\..\Common\IThreadManage.cpp">
      <Filter>Source Files\public_s</Filter>
    </ClCompile>
    <ClCompile Include="..\..\Common\IThreadUnit.cpp">
      <Filter>Source Files\public_s</Filter>
    </ClCompile>
    <ClCompile Include="..\..\Common\Lock.cpp">
      <Filter>Source Files\public_s</Filter>
    </ClCompile>
    <ClCompile Include="..\..\Common\StdStrUtils.cpp">
      <Filter>Source Files\public_s</Filter>
    </ClCompile>
    <ClCompile Include="..\..\Common\FileReadAndSave.cpp">
      <Filter>Source Files\public_s</Filter>
    </ClCompile>
    <ClCompile Include="..\..\Common\ZBase64.cpp">
      <Filter>Source Files\public_s</Filter>
    </ClCompile>
    <ClCompile Include="..\..\Common\CommFunc.cpp">
      <Filter>Source Files\public_s</Filter>
    </ClCompile>
    <ClCompile Include="SearchWord.cpp">
      <Filter>Source Files</Filter>
    </ClCompile>
    <ClCompile Include="..\..\Common\IXMLRW.cpp">
      <Filter>Source Files\public_s</Filter>
    </ClCompile>
  </ItemGroup>
  <ItemGroup>
    <ClInclude Include="GlobalDataBlock.h">
      <Filter>Header Files</Filter>
    </ClInclude>
    <ClInclude Include="McCtrl.h">
      <Filter>Header Files</Filter>
    </ClInclude>
    <ClInclude Include="MsgQueue.h">
      <Filter>Header Files</Filter>
    </ClInclude>
    <ClInclude Include="ProcessData.h">
      <Filter>Header Files</Filter>
    </ClInclude>
    <ClInclude Include="ServerSocket.h">
      <Filter>Header Files</Filter>
    </ClInclude>
    <ClInclude Include="StdAfx.h">
      <Filter>Header Files</Filter>
    </ClInclude>
    <ClInclude Include="ThreadManage.h">
      <Filter>Header Files</Filter>
    </ClInclude>
    <ClInclude Include="UnZipWebTaskData.h">
      <Filter>Header Files</Filter>
    </ClInclude>
    <ClInclude Include="HttpUtils.h">
      <Filter>Header Files</Filter>
    </ClInclude>
    <ClInclude Include="resource.h">
      <Filter>Header Files</Filter>
    </ClInclude>
    <ClInclude Include="SearchWord.h">
      <Filter>Header Files</Filter>
    </ClInclude>
    <ClInclude Include="..\..\Common\IXMLRW.h">
      <Filter>Header Files</Filter>
    </ClInclude>
  </ItemGroup>
  <ItemGroup>
    <None Include="ReadMe.txt" />
  </ItemGroup>
  <ItemGroup>
    <ResourceCompile Include="MC.rc">
      <Filter>Source Files</Filter>
    </ResourceCompile>
  </ItemGroup>
</Project>