
Microsoft Visual Studio Solution File, Format Version 12.00
# Visual Studio 2013
VisualStudioVersion = 12.0.21005.1
MinimumVisualStudioVersion = 10.0.40219.1
Project("{8BC9CEB8-8B4A-11D0-8D11-00A0C91BC942}") = "MC", "MC\MC.vcxproj", "{EBC524E9-F6E8-4C81-AC31-162E7911F4F3}"
EndProject
Project("{8BC9CEB8-8B4A-11D0-8D11-00A0C91BC942}") = "TaskCtrl", "TaskCtrl\TaskCtrl.vcxproj", "{6FBF7941-E816-4EA9-8E7A-0236B102146A}"
EndProject
Project("{8BC9CEB8-8B4A-11D0-8D11-00A0C91BC942}") = "STGUI", "STGUI\STGUI.vcxproj", "{AA967743-D764-4398-921A-3F12E6C73E4E}"
EndProject
Project("{8BC9CEB8-8B4A-11D0-8D11-00A0C91BC942}") = "PreData", "PreData\PreData.vcxproj", "{042723FC-D539-48A9-BA88-81D752F086DE}"
EndProject
Project("{8BC9CEB8-8B4A-11D0-8D11-00A0C91BC942}") = "ProcessTask", "ProcessTask\ProcessTask.vcxproj", "{1360A07B-0E78-4001-9B99-5D2B353137E1}"
EndProject
Project("{8BC9CEB8-8B4A-11D0-8D11-00A0C91BC942}") = "UpdateRank", "UpdateRank\UpdateRank.vcxproj", "{5DECE6D7-6A13-417D-B6BB-F39B5F4F9BF4}"
EndProject
Project("{8BC9CEB8-8B4A-11D0-8D11-00A0C91BC942}") = "SyncDat", "SyncDat\SyncDat.vcxproj", "{3268B45E-B731-445D-AABE-9E6E0DE52A5F}"
EndProject
Project("{8BC9CEB8-8B4A-11D0-8D11-00A0C91BC942}") = "IAWS", "IAWS\IAWS.vcxproj", "{57914ED4-CCC5-4211-84A3-7FBCCFA8D459}"
EndProject
Global
	GlobalSection(SolutionConfigurationPlatforms) = preSolution
		Debug|Win32 = Debug|Win32
		Release|Win32 = Release|Win32
		Web Debug|Win32 = Web Debug|Win32
		Web Release|Win32 = Web Release|Win32
	EndGlobalSection
	GlobalSection(ProjectConfigurationPlatforms) = postSolution
		{EBC524E9-F6E8-4C81-AC31-162E7911F4F3}.Debug|Win32.ActiveCfg = Debug|Win32
		{EBC524E9-F6E8-4C81-AC31-162E7911F4F3}.Debug|Win32.Build.0 = Debug|Win32
		{EBC524E9-F6E8-4C81-AC31-162E7911F4F3}.Release|Win32.ActiveCfg = Release|Win32
		{EBC524E9-F6E8-4C81-AC31-162E7911F4F3}.Release|Win32.Build.0 = Release|Win32
		{EBC524E9-F6E8-4C81-AC31-162E7911F4F3}.Web Debug|Win32.ActiveCfg = Web Debug|Win32
		{EBC524E9-F6E8-4C81-AC31-162E7911F4F3}.Web Debug|Win32.Build.0 = Web Debug|Win32
		{EBC524E9-F6E8-4C81-AC31-162E7911F4F3}.Web Release|Win32.ActiveCfg = Web Release|Win32
		{EBC524E9-F6E8-4C81-AC31-162E7911F4F3}.Web Release|Win32.Build.0 = Web Release|Win32
		{6FBF7941-E816-4EA9-8E7A-0236B102146A}.Debug|Win32.ActiveCfg = Debug|Win32
		{6FBF7941-E816-4EA9-8E7A-0236B102146A}.Debug|Win32.Build.0 = Debug|Win32
		{6FBF7941-E816-4EA9-8E7A-0236B102146A}.Release|Win32.ActiveCfg = Release|Win32
		{6FBF7941-E816-4EA9-8E7A-0236B102146A}.Release|Win32.Build.0 = Release|Win32
		{6FBF7941-E816-4EA9-8E7A-0236B102146A}.Web Debug|Win32.ActiveCfg = Web Debug|Win32
		{6FBF7941-E816-4EA9-8E7A-0236B102146A}.Web Debug|Win32.Build.0 = Web Debug|Win32
		{6FBF7941-E816-4EA9-8E7A-0236B102146A}.Web Release|Win32.ActiveCfg = Web Release|Win32
		{6FBF7941-E816-4EA9-8E7A-0236B102146A}.Web Release|Win32.Build.0 = Web Release|Win32
		{AA967743-D764-4398-921A-3F12E6C73E4E}.Debug|Win32.ActiveCfg = Debug|Win32
		{AA967743-D764-4398-921A-3F12E6C73E4E}.Debug|Win32.Build.0 = Debug|Win32
		{AA967743-D764-4398-921A-3F12E6C73E4E}.Release|Win32.ActiveCfg = Release|Win32
		{AA967743-D764-4398-921A-3F12E6C73E4E}.Release|Win32.Build.0 = Release|Win32
		{AA967743-D764-4398-921A-3F12E6C73E4E}.Web Debug|Win32.ActiveCfg = Web Debug|Win32
		{AA967743-D764-4398-921A-3F12E6C73E4E}.Web Debug|Win32.Build.0 = Web Debug|Win32
		{AA967743-D764-4398-921A-3F12E6C73E4E}.Web Release|Win32.ActiveCfg = Web Release|Win32
		{AA967743-D764-4398-921A-3F12E6C73E4E}.Web Release|Win32.Build.0 = Web Release|Win32
		{042723FC-D539-48A9-BA88-81D752F086DE}.Debug|Win32.ActiveCfg = Debug|Win32
		{042723FC-D539-48A9-BA88-81D752F086DE}.Debug|Win32.Build.0 = Debug|Win32
		{042723FC-D539-48A9-BA88-81D752F086DE}.Release|Win32.ActiveCfg = Release|Win32
		{042723FC-D539-48A9-BA88-81D752F086DE}.Release|Win32.Build.0 = Release|Win32
		{042723FC-D539-48A9-BA88-81D752F086DE}.Web Debug|Win32.ActiveCfg = Web Debug|Win32
		{042723FC-D539-48A9-BA88-81D752F086DE}.Web Debug|Win32.Build.0 = Web Debug|Win32
		{042723FC-D539-48A9-BA88-81D752F086DE}.Web Release|Win32.ActiveCfg = Web Release|Win32
		{042723FC-D539-48A9-BA88-81D752F086DE}.Web Release|Win32.Build.0 = Web Release|Win32
		{1360A07B-0E78-4001-9B99-5D2B353137E1}.Debug|Win32.ActiveCfg = Debug|Win32
		{1360A07B-0E78-4001-9B99-5D2B353137E1}.Debug|Win32.Build.0 = Debug|Win32
		{1360A07B-0E78-4001-9B99-5D2B353137E1}.Release|Win32.ActiveCfg = Release|Win32
		{1360A07B-0E78-4001-9B99-5D2B353137E1}.Release|Win32.Build.0 = Release|Win32
		{1360A07B-0E78-4001-9B99-5D2B353137E1}.Web Debug|Win32.ActiveCfg = Debug|Win32
		{1360A07B-0E78-4001-9B99-5D2B353137E1}.Web Debug|Win32.Build.0 = Debug|Win32
		{1360A07B-0E78-4001-9B99-5D2B353137E1}.Web Release|Win32.ActiveCfg = Release|Win32
		{1360A07B-0E78-4001-9B99-5D2B353137E1}.Web Release|Win32.Build.0 = Release|Win32
		{5DECE6D7-6A13-417D-B6BB-F39B5F4F9BF4}.Debug|Win32.ActiveCfg = Debug|Win32
		{5DECE6D7-6A13-417D-B6BB-F39B5F4F9BF4}.Debug|Win32.Build.0 = Debug|Win32
		{5DECE6D7-6A13-417D-B6BB-F39B5F4F9BF4}.Release|Win32.ActiveCfg = Release|Win32
		{5DECE6D7-6A13-417D-B6BB-F39B5F4F9BF4}.Release|Win32.Build.0 = Release|Win32
		{5DECE6D7-6A13-417D-B6BB-F39B5F4F9BF4}.Web Debug|Win32.ActiveCfg = Debug|Win32
		{5DECE6D7-6A13-417D-B6BB-F39B5F4F9BF4}.Web Debug|Win32.Build.0 = Debug|Win32
		{5DECE6D7-6A13-417D-B6BB-F39B5F4F9BF4}.Web Release|Win32.ActiveCfg = Release|Win32
		{5DECE6D7-6A13-417D-B6BB-F39B5F4F9BF4}.Web Release|Win32.Build.0 = Release|Win32
		{3268B45E-B731-445D-AABE-9E6E0DE52A5F}.Debug|Win32.ActiveCfg = Debug|Win32
		{3268B45E-B731-445D-AABE-9E6E0DE52A5F}.Debug|Win32.Build.0 = Debug|Win32
		{3268B45E-B731-445D-AABE-9E6E0DE52A5F}.Release|Win32.ActiveCfg = Release|Win32
		{3268B45E-B731-445D-AABE-9E6E0DE52A5F}.Release|Win32.Build.0 = Release|Win32
		{3268B45E-B731-445D-AABE-9E6E0DE52A5F}.Web Debug|Win32.ActiveCfg = Web Debug|Win32
		{3268B45E-B731-445D-AABE-9E6E0DE52A5F}.Web Debug|Win32.Build.0 = Web Debug|Win32
		{3268B45E-B731-445D-AABE-9E6E0DE52A5F}.Web Release|Win32.ActiveCfg = Web Release|Win32
		{3268B45E-B731-445D-AABE-9E6E0DE52A5F}.Web Release|Win32.Build.0 = Web Release|Win32
		{57914ED4-CCC5-4211-84A3-7FBCCFA8D459}.Debug|Win32.ActiveCfg = Debug|Win32
		{57914ED4-CCC5-4211-84A3-7FBCCFA8D459}.Debug|Win32.Build.0 = Debug|Win32
		{57914ED4-CCC5-4211-84A3-7FBCCFA8D459}.Release|Win32.ActiveCfg = Release|Win32
		{57914ED4-CCC5-4211-84A3-7FBCCFA8D459}.Release|Win32.Build.0 = Release|Win32
		{57914ED4-CCC5-4211-84A3-7FBCCFA8D459}.Web Debug|Win32.ActiveCfg = Web Debug|Win32
		{57914ED4-CCC5-4211-84A3-7FBCCFA8D459}.Web Debug|Win32.Build.0 = Web Debug|Win32
		{57914ED4-CCC5-4211-84A3-7FBCCFA8D459}.Web Release|Win32.ActiveCfg = Web Release|Win32
		{57914ED4-CCC5-4211-84A3-7FBCCFA8D459}.Web Release|Win32.Build.0 = Web Release|Win32
	EndGlobalSection
	GlobalSection(SolutionProperties) = preSolution
		HideSolutionNode = FALSE
	EndGlobalSection
EndGlobal
