<?xml version="1.0" encoding="utf-8"?>
<Project ToolsVersion="4.0" xmlns="http://schemas.microsoft.com/developer/msbuild/2003">
  <ItemGroup>
    <Filter Include="源文件">
      <UniqueIdentifier>{4FC737F1-C7A5-4376-A066-2A32D752A2FF}</UniqueIdentifier>
      <Extensions>cpp;c;cxx;def;odl;idl;hpj;bat;asm;asmx</Extensions>
    </Filter>
    <Filter Include="源文件\public_s">
      <UniqueIdentifier>{5e3e219c-5421-45b7-8559-a7a1dcc4cb65}</UniqueIdentifier>
    </Filter>
    <Filter Include="头文件">
      <UniqueIdentifier>{93995380-89BD-4b04-88EB-625FBE52EBFB}</UniqueIdentifier>
      <Extensions>h;hpp;hxx;hm;inl;inc;xsd</Extensions>
    </Filter>
    <Filter Include="头文件\public_h">
      <UniqueIdentifier>{023fc365-3236-4556-9744-d5aaf02ab2a0}</UniqueIdentifier>
    </Filter>
    <Filter Include="资源文件">
      <UniqueIdentifier>{67DA6AB6-F800-4c08-8B7A-83BB121AAD01}</UniqueIdentifier>
      <Extensions>rc;ico;cur;bmp;dlg;rc2;rct;bin;rgs;gif;jpg;jpeg;jpe;resx</Extensions>
    </Filter>
  </ItemGroup>
  <ItemGroup>
    <ClCompile Include="ItemList.cpp">
      <Filter>源文件</Filter>
    </ClCompile>
    <ClCompile Include="stdafx.cpp">
      <Filter>源文件</Filter>
    </ClCompile>
    <ClCompile Include="WebService.cpp">
      <Filter>源文件</Filter>
    </ClCompile>
    <ClCompile Include="IAWS.cpp">
      <Filter>源文件</Filter>
    </ClCompile>
    <ClCompile Include="..\..\Common\Lock.cpp">
      <Filter>源文件\public_s</Filter>
    </ClCompile>
    <ClCompile Include="..\..\Common\StdStrUtils.cpp">
      <Filter>源文件\public_s</Filter>
    </ClCompile>
    <ClCompile Include="..\..\Common\StringUtils.cpp">
      <Filter>源文件\public_s</Filter>
    </ClCompile>
    <ClCompile Include="..\..\Common\Trace.cpp">
      <Filter>源文件\public_s</Filter>
    </ClCompile>
    <ClCompile Include="..\..\Common\IMsgQueue.cpp">
      <Filter>源文件\public_s</Filter>
    </ClCompile>
    <ClCompile Include="..\..\Common\IThreadManage.cpp">
      <Filter>源文件\public_s</Filter>
    </ClCompile>
    <ClCompile Include="..\..\Common\IThreadUnit.cpp">
      <Filter>源文件\public_s</Filter>
    </ClCompile>
    <ClCompile Include="..\..\Common\FileReadAndSave.cpp">
      <Filter>源文件\public_s</Filter>
    </ClCompile>
    <ClCompile Include="..\..\Common\ZBase64.cpp">
      <Filter>源文件\public_s</Filter>
    </ClCompile>
    <ClCompile Include="..\..\Common\CommFunc.cpp">
      <Filter>源文件\public_s</Filter>
    </ClCompile>
    <ClCompile Include="..\..\Common\IXMLRW.cpp">
      <Filter>源文件\public_s</Filter>
    </ClCompile>
  </ItemGroup>
  <ItemGroup>
    <ClInclude Include="ItemList.h">
      <Filter>头文件</Filter>
    </ClInclude>
    <ClInclude Include="stdafx.h">
      <Filter>头文件</Filter>
    </ClInclude>
    <ClInclude Include="WebService.h">
      <Filter>头文件</Filter>
    </ClInclude>
    <ClInclude Include="resource.h">
      <Filter>头文件</Filter>
    </ClInclude>
  </ItemGroup>
  <ItemGroup>
    <None Include="ReadMe.txt" />
  </ItemGroup>
  <ItemGroup>
    <ResourceCompile Include="IAWS.rc">
      <Filter>资源文件</Filter>
    </ResourceCompile>
  </ItemGroup>
</Project>